
Microsoft Visual Studio Solution File, Format Version 12.00
# Visual Studio 15
VisualStudioVersion = 15.0.27703.2026
MinimumVisualStudioVersion = 10.0.40219.1
Project("{FAE04EC0-301F-11D3-BF4B-00C04F79EFBC}") = "ZbW.Testing.Dms.Client", "H:\CloudStation\Drive\VisualStudio\thierrystadler\ZbW.Testing.Dms\ZbW.Testing.Dms_Aufgabe\ZbW.Testing.Dms.Client\ZbW.Testing.Dms.Client.csproj", "{BAD666D8-64BF-467F-B2E9-6C1DC66D2BEB}"
EndProject
Project("{FAE04EC0-301F-11D3-BF4B-00C04F79EFBC}") = "ZbW.Testing.Dms.Client.IntegrationTests", "H:\CloudStation\Drive\VisualStudio\thierrystadler\ZbW.Testing.Dms\ZbW.Testing.Dms_Aufgabe\ZbW.Testing.Dms.Client.IntegrationTests\ZbW.Testing.Dms.Client.IntegrationTests.csproj", "{3327C90B-2EC4-4AB3-91FD-575A7021FE24}"
EndProject
Project("{FAE04EC0-301F-11D3-BF4B-00C04F79EFBC}") = "ZbW.Testing.Dms.Client.UnitTests", "H:\CloudStation\Drive\VisualStudio\thierrystadler\ZbW.Testing.Dms\ZbW.Testing.Dms_Aufgabe\ZbW.Testing.Dms.Client.UnitTests\ZbW.Testing.Dms.Client.UnitTests.csproj", "{1520FEAB-3990-43E6-BB03-571AEC8A9DFF}"
EndProject
Global
	GlobalSection(SolutionConfigurationPlatforms) = preSolution
		Debug|Any CPU = Debug|Any CPU
		Release|Any CPU = Release|Any CPU
	EndGlobalSection
	GlobalSection(ProjectConfigurationPlatforms) = postSolution
		{BAD666D8-64BF-467F-B2E9-6C1DC66D2BEB}.Debug|Any CPU.ActiveCfg = Debug|Any CPU
		{BAD666D8-64BF-467F-B2E9-6C1DC66D2BEB}.Debug|Any CPU.Build.0 = Debug|Any CPU
		{BAD666D8-64BF-467F-B2E9-6C1DC66D2BEB}.Release|Any CPU.ActiveCfg = Release|Any CPU
		{BAD666D8-64BF-467F-B2E9-6C1DC66D2BEB}.Release|Any CPU.Build.0 = Release|Any CPU
		{3327C90B-2EC4-4AB3-91FD-575A7021FE24}.Debug|Any CPU.ActiveCfg = Debug|Any CPU
		{3327C90B-2EC4-4AB3-91FD-575A7021FE24}.Debug|Any CPU.Build.0 = Debug|Any CPU
		{3327C90B-2EC4-4AB3-91FD-575A7021FE24}.Release|Any CPU.ActiveCfg = Release|Any CPU
		{3327C90B-2EC4-4AB3-91FD-575A7021FE24}.Release|Any CPU.Build.0 = Release|Any CPU
		{1520FEAB-3990-43E6-BB03-571AEC8A9DFF}.Debug|Any CPU.ActiveCfg = Debug|Any CPU
		{1520FEAB-3990-43E6-BB03-571AEC8A9DFF}.Debug|Any CPU.Build.0 = Debug|Any CPU
		{1520FEAB-3990-43E6-BB03-571AEC8A9DFF}.Release|Any CPU.ActiveCfg = Release|Any CPU
		{1520FEAB-3990-43E6-BB03-571AEC8A9DFF}.Release|Any CPU.Build.0 = Release|Any CPU
	EndGlobalSection
	GlobalSection(SolutionProperties) = preSolution
		HideSolutionNode = FALSE
	EndGlobalSection
	GlobalSection(ExtensibilityGlobals) = postSolution
		SolutionGuid = {9214B3FD-8EDF-4DAC-80A2-1F3A4052DDB1}
	EndGlobalSection
EndGlobal
